
Microsoft Visual Studio Solution File, Format Version 12.00
Project("{FAE04EC0-301F-11D3-BF4B-00C04F79EFBC}") = "CW_10", "CW_10\CW_10.csproj", "{329F0531-2AA7-443D-B32C-C4C6AB1501BD}"
EndProject
Global
	GlobalSection(SolutionConfigurationPlatforms) = preSolution
		Debug|Any CPU = Debug|Any CPU
		Release|Any CPU = Release|Any CPU
	EndGlobalSection
	GlobalSection(ProjectConfigurationPlatforms) = postSolution
		{329F0531-2AA7-443D-B32C-C4C6AB1501BD}.Debug|Any CPU.ActiveCfg = Debug|Any CPU
		{329F0531-2AA7-443D-B32C-C4C6AB1501BD}.Debug|Any CPU.Build.0 = Debug|Any CPU
		{329F0531-2AA7-443D-B32C-C4C6AB1501BD}.Release|Any CPU.ActiveCfg = Release|Any CPU
		{329F0531-2AA7-443D-B32C-C4C6AB1501BD}.Release|Any CPU.Build.0 = Release|Any CPU
	EndGlobalSection
EndGlobal
